// !$*UTF8*$!
{
	archiveVersion = 1;
	classes = {
	};
	objectVersion = 55;
	objects = {

/* Begin PBXBuildFile section */
		B6D72D2B2BD3A33D0014028D /* AppDelegate.m in Sources */ = {isa = PBXBuildFile; fileRef = B6D72D2A2BD3A33D0014028D /* AppDelegate.m */; };
		B6D72D2E2BD3A33D0014028D /* SceneDelegate.m in Sources */ = {isa = PBXBuildFile; fileRef = B6D72D2D2BD3A33D0014028D /* SceneDelegate.m */; };
		B6D72D312BD3A33D0014028D /* ViewController.m in Sources */ = {isa = PBXBuildFile; fileRef = B6D72D302BD3A33D0014028D /* ViewController.m */; };
		B6D72D342BD3A33D0014028D /* Main.storyboard in Resources */ = {isa = PBXBuildFile; fileRef = B6D72D322BD3A33D0014028D /* Main.storyboard */; };
		B6D72D362BD3A3460014028D /* Assets.xcassets in Resources */ = {isa = PBXBuildFile; fileRef = B6D72D352BD3A3460014028D /* Assets.xcassets */; };
		B6D72D392BD3A3460014028D /* LaunchScreen.storyboard in Resources */ = {isa = PBXBuildFile; fileRef = B6D72D372BD3A3460014028D /* LaunchScreen.storyboard */; };
		B6D72D3C2BD3A3470014028D /* main.m in Sources */ = {isa = PBXBuildFile; fileRef = B6D72D3B2BD3A3470014028D /* main.m */; };
		B6D72D462BD3A3490014028D /* iOSObjectiveCDay6Tests.m in Sources */ = {isa = PBXBuildFile; fileRef = B6D72D452BD3A3490014028D /* iOSObjectiveCDay6Tests.m */; };
		B6D72D502BD3A3490014028D /* iOSObjectiveCDay6UITests.m in Sources */ = {isa = PBXBuildFile; fileRef = B6D72D4F2BD3A3490014028D /* iOSObjectiveCDay6UITests.m */; };
		B6D72D522BD3A3490014028D /* iOSObjectiveCDay6UITestsLaunchTests.m in Sources */ = {isa = PBXBuildFile; fileRef = B6D72D512BD3A3490014028D /* iOSObjectiveCDay6UITestsLaunchTests.m */; };
		B6D72D622BD3B0C10014028D /* CustomAnnotation.m in Sources */ = {isa = PBXBuildFile; fileRef = B6D72D612BD3B0C10014028D /* CustomAnnotation.m */; };
/* End PBXBuildFile section */

/* Begin PBXContainerItemProxy section */
		B6D72D422BD3A3490014028D /* PBXContainerItemProxy */ = {
			isa = PBXContainerItemProxy;
			containerPortal = B6D72D1E2BD3A33C0014028D /* Project object */;
			proxyType = 1;
			remoteGlobalIDString = B6D72D252BD3A33C0014028D;
			remoteInfo = iOSObjectiveCDay6;
		};
		B6D72D4C2BD3A3490014028D /* PBXContainerItemProxy */ = {
			isa = PBXContainerItemProxy;
			containerPortal = B6D72D1E2BD3A33C0014028D /* Project object */;
			proxyType = 1;
			remoteGlobalIDString = B6D72D252BD3A33C0014028D;
			remoteInfo = iOSObjectiveCDay6;
		};
/* End PBXContainerItemProxy section */

/* Begin PBXFileReference section */
		B6D72D262BD3A33C0014028D /* iOSObjectiveCDay6.app */ = {isa = PBXFileReference; explicitFileType = wrapper.application; includeInIndex = 0; path = iOSObjectiveCDay6.app; sourceTree = BUILT_PRODUCTS_DIR; };
		B6D72D292BD3A33D0014028D /* AppDelegate.h */ = {isa = PBXFileReference; lastKnownFileType = sourcecode.c.h; path = AppDelegate.h; sourceTree = "<group>"; };
		B6D72D2A2BD3A33D0014028D /* AppDelegate.m */ = {isa = PBXFileReference; lastKnownFileType = sourcecode.c.objc; path = AppDelegate.m; sourceTree = "<group>"; };
		B6D72D2C2BD3A33D0014028D /* SceneDelegate.h */ = {isa = PBXFileReference; lastKnownFileType = sourcecode.c.h; path = SceneDelegate.h; sourceTree = "<group>"; };
		B6D72D2D2BD3A33D0014028D /* SceneDelegate.m */ = {isa = PBXFileReference; lastKnownFileType = sourcecode.c.objc; path = SceneDelegate.m; sourceTree = "<group>"; };
		B6D72D2F2BD3A33D0014028D /* ViewController.h */ = {isa = PBXFileReference; lastKnownFileType = sourcecode.c.h; path = ViewController.h; sourceTree = "<group>"; };
		B6D72D302BD3A33D0014028D /* ViewController.m */ = {isa = PBXFileReference; lastKnownFileType = sourcecode.c.objc; path = ViewController.m; sourceTree = "<group>"; };
		B6D72D332BD3A33D0014028D /* Base */ = {isa = PBXFileReference; lastKnownFileType = file.storyboard; name = Base; path = Base.lproj/Main.storyboard; sourceTree = "<group>"; };
		B6D72D352BD3A3460014028D /* Assets.xcassets */ = {isa = PBXFileReference; lastKnownFileType = folder.assetcatalog; path = Assets.xcassets; sourceTree = "<group>"; };
		B6D72D382BD3A3460014028D /* Base */ = {isa = PBXFileReference; lastKnownFileType = file.storyboard; name = Base; path = Base.lproj/LaunchScreen.storyboard; sourceTree = "<group>"; };
		B6D72D3A2BD3A3470014028D /* Info.plist */ = {isa = PBXFileReference; lastKnownFileType = text.plist.xml; path = Info.plist; sourceTree = "<group>"; };
		B6D72D3B2BD3A3470014028D /* main.m */ = {isa = PBXFileReference; lastKnownFileType = sourcecode.c.objc; path = main.m; sourceTree = "<group>"; };
		B6D72D412BD3A3490014028D /* iOSObjectiveCDay6Tests.xctest */ = {isa = PBXFileReference; explicitFileType = wrapper.cfbundle; includeInIndex = 0; path = iOSObjectiveCDay6Tests.xctest; sourceTree = BUILT_PRODUCTS_DIR; };
		B6D72D452BD3A3490014028D /* iOSObjectiveCDay6Tests.m */ = {isa = PBXFileReference; lastKnownFileType = sourcecode.c.objc; path = iOSObjectiveCDay6Tests.m; sourceTree = "<group>"; };
		B6D72D4B2BD3A3490014028D /* iOSObjectiveCDay6UITests.xctest */ = {isa = PBXFileReference; explicitFileType = wrapper.cfbundle; includeInIndex = 0; path = iOSObjectiveCDay6UITests.xctest; sourceTree = BUILT_PRODUCTS_DIR; };
		B6D72D4F2BD3A3490014028D /* iOSObjectiveCDay6UITests.m */ = {isa = PBXFileReference; lastKnownFileType = sourcecode.c.objc; path = iOSObjectiveCDay6UITests.m; sourceTree = "<group>"; };
		B6D72D512BD3A3490014028D /* iOSObjectiveCDay6UITestsLaunchTests.m */ = {isa = PBXFileReference; lastKnownFileType = sourcecode.c.objc; path = iOSObjectiveCDay6UITestsLaunchTests.m; sourceTree = "<group>"; };
		B6D72D602BD3B0C10014028D /* CustomAnnotation.h */ = {isa = PBXFileReference; lastKnownFileType = sourcecode.c.h; path = CustomAnnotation.h; sourceTree = "<group>"; };
		B6D72D612BD3B0C10014028D /* CustomAnnotation.m */ = {isa = PBXFileReference; lastKnownFileType = sourcecode.c.objc; path = CustomAnnotation.m; sourceTree = "<group>"; };
/* End PBXFileReference section */

/* Begin PBXFrameworksBuildPhase section */
		B6D72D232BD3A33C0014028D /* Frameworks */ = {
			isa = PBXFrameworksBuildPhase;
			buildActionMask = 2147483647;
			files = (
			);
			runOnlyForDeploymentPostprocessing = 0;
		};
		B6D72D3E2BD3A3490014028D /* Frameworks */ = {
			isa = PBXFrameworksBuildPhase;
			buildActionMask = 2147483647;
			files = (
			);
			runOnlyForDeploymentPostprocessing = 0;
		};
		B6D72D482BD3A3490014028D /* Frameworks */ = {
			isa = PBXFrameworksBuildPhase;
			buildActionMask = 2147483647;
			files = (
			);
			runOnlyForDeploymentPostprocessing = 0;
		};
/* End PBXFrameworksBuildPhase section */

/* Begin PBXGroup section */
		B6D72D1D2BD3A33C0014028D = {
			isa = PBXGroup;
			children = (
				B6D72D282BD3A33C0014028D /* iOSObjectiveCDay6 */,
				B6D72D442BD3A3490014028D /* iOSObjectiveCDay6Tests */,
				B6D72D4E2BD3A3490014028D /* iOSObjectiveCDay6UITests */,
				B6D72D272BD3A33C0014028D /* Products */,
			);
			sourceTree = "<group>";
		};
		B6D72D272BD3A33C0014028D /* Products */ = {
			isa = PBXGroup;
			children = (
				B6D72D262BD3A33C0014028D /* iOSObjectiveCDay6.app */,
				B6D72D412BD3A3490014028D /* iOSObjectiveCDay6Tests.xctest */,
				B6D72D4B2BD3A3490014028D /* iOSObjectiveCDay6UITests.xctest */,
			);
			name = Products;
			sourceTree = "<group>";
		};
		B6D72D282BD3A33C0014028D /* iOSObjectiveCDay6 */ = {
			isa = PBXGroup;
			children = (
				B6D72D292BD3A33D0014028D /* AppDelegate.h */,
				B6D72D2A2BD3A33D0014028D /* AppDelegate.m */,
				B6D72D2C2BD3A33D0014028D /* SceneDelegate.h */,
				B6D72D2D2BD3A33D0014028D /* SceneDelegate.m */,
				B6D72D2F2BD3A33D0014028D /* ViewController.h */,
				B6D72D302BD3A33D0014028D /* ViewController.m */,
				B6D72D322BD3A33D0014028D /* Main.storyboard */,
				B6D72D352BD3A3460014028D /* Assets.xcassets */,
				B6D72D372BD3A3460014028D /* LaunchScreen.storyboard */,
				B6D72D3A2BD3A3470014028D /* Info.plist */,
				B6D72D3B2BD3A3470014028D /* main.m */,
				B6D72D602BD3B0C10014028D /* CustomAnnotation.h */,
				B6D72D612BD3B0C10014028D /* CustomAnnotation.m */,
			);
			path = iOSObjectiveCDay6;
			sourceTree = "<group>";
		};
		B6D72D442BD3A3490014028D /* iOSObjectiveCDay6Tests */ = {
			isa = PBXGroup;
			children = (
				B6D72D452BD3A3490014028D /* iOSObjectiveCDay6Tests.m */,
			);
			path = iOSObjectiveCDay6Tests;
			sourceTree = "<group>";
		};
		B6D72D4E2BD3A3490014028D /* iOSObjectiveCDay6UITests */ = {
			isa = PBXGroup;
			children = (
				B6D72D4F2BD3A3490014028D /* iOSObjectiveCDay6UITests.m */,
				B6D72D512BD3A3490014028D /* iOSObjectiveCDay6UITestsLaunchTests.m */,
			);
			path = iOSObjectiveCDay6UITests;
			sourceTree = "<group>";
		};
/* End PBXGroup section */

/* Begin PBXNativeTarget section */
		B6D72D252BD3A33C0014028D /* iOSObjectiveCDay6 */ = {
			isa = PBXNativeTarget;
			buildConfigurationList = B6D72D552BD3A3490014028D /* Build configuration list for PBXNativeTarget "iOSObjectiveCDay6" */;
			buildPhases = (
				B6D72D222BD3A33C0014028D /* Sources */,
				B6D72D232BD3A33C0014028D /* Frameworks */,
				B6D72D242BD3A33C0014028D /* Resources */,
			);
			buildRules = (
			);
			dependencies = (
			);
			name = iOSObjectiveCDay6;
			productName = iOSObjectiveCDay6;
			productReference = B6D72D262BD3A33C0014028D /* iOSObjectiveCDay6.app */;
			productType = "com.apple.product-type.application";
		};
		B6D72D402BD3A3490014028D /* iOSObjectiveCDay6Tests */ = {
			isa = PBXNativeTarget;
			buildConfigurationList = B6D72D582BD3A3490014028D /* Build configuration list for PBXNativeTarget "iOSObjectiveCDay6Tests" */;
			buildPhases = (
				B6D72D3D2BD3A3490014028D /* Sources */,
				B6D72D3E2BD3A3490014028D /* Frameworks */,
				B6D72D3F2BD3A3490014028D /* Resources */,
			);
			buildRules = (
			);
			dependencies = (
				B6D72D432BD3A3490014028D /* PBXTargetDependency */,
			);
			name = iOSObjectiveCDay6Tests;
			productName = iOSObjectiveCDay6Tests;
			productReference = B6D72D412BD3A3490014028D /* iOSObjectiveCDay6Tests.xctest */;
			productType = "com.apple.product-type.bundle.unit-test";
		};
		B6D72D4A2BD3A3490014028D /* iOSObjectiveCDay6UITests */ = {
			isa = PBXNativeTarget;
			buildConfigurationList = B6D72D5B2BD3A3490014028D /* Build configuration list for PBXNativeTarget "iOSObjectiveCDay6UITests" */;
			buildPhases = (
				B6D72D472BD3A3490014028D /* Sources */,
				B6D72D482BD3A3490014028D /* Frameworks */,
				B6D72D492BD3A3490014028D /* Resources */,
			);
			buildRules = (
			);
			dependencies = (
				B6D72D4D2BD3A3490014028D /* PBXTargetDependency */,
			);
			name = iOSObjectiveCDay6UITests;
			productName = iOSObjectiveCDay6UITests;
			productReference = B6D72D4B2BD3A3490014028D /* iOSObjectiveCDay6UITests.xctest */;
			productType = "com.apple.product-type.bundle.ui-testing";
		};
/* End PBXNativeTarget section */

/* Begin PBXProject section */
		B6D72D1E2BD3A33C0014028D /* Project object */ = {
			isa = PBXProject;
			attributes = {
				BuildIndependentTargetsInParallel = 1;
				LastUpgradeCheck = 1340;
				TargetAttributes = {
					B6D72D252BD3A33C0014028D = {
						CreatedOnToolsVersion = 13.4.1;
					};
					B6D72D402BD3A3490014028D = {
						CreatedOnToolsVersion = 13.4.1;
						TestTargetID = B6D72D252BD3A33C0014028D;
					};
					B6D72D4A2BD3A3490014028D = {
						CreatedOnToolsVersion = 13.4.1;
						TestTargetID = B6D72D252BD3A33C0014028D;
					};
				};
			};
			buildConfigurationList = B6D72D212BD3A33C0014028D /* Build configuration list for PBXProject "iOSObjectiveCDay6" */;
			compatibilityVersion = "Xcode 13.0";
			developmentRegion = en;
			hasScannedForEncodings = 0;
			knownRegions = (
				en,
				Base,
			);
			mainGroup = B6D72D1D2BD3A33C0014028D;
			productRefGroup = B6D72D272BD3A33C0014028D /* Products */;
			projectDirPath = "";
			projectRoot = "";
			targets = (
				B6D72D252BD3A33C0014028D /* iOSObjectiveCDay6 */,
				B6D72D402BD3A3490014028D /* iOSObjectiveCDay6Tests */,
				B6D72D4A2BD3A3490014028D /* iOSObjectiveCDay6UITests */,
			);
		};
/* End PBXProject section */

/* Begin PBXResourcesBuildPhase section */
		B6D72D242BD3A33C0014028D /* Resources */ = {
			isa = PBXResourcesBuildPhase;
			buildActionMask = 2147483647;
			files = (
				B6D72D392BD3A3460014028D /* LaunchScreen.storyboard in Resources */,
				B6D72D362BD3A3460014028D /* Assets.xcassets in Resources */,
				B6D72D342BD3A33D0014028D /* Main.storyboard in Resources */,
			);
			runOnlyForDeploymentPostprocessing = 0;
		};
		B6D72D3F2BD3A3490014028D /* Resources */ = {
			isa = PBXResourcesBuildPhase;
			buildActionMask = 2147483647;
			files = (
			);
			runOnlyForDeploymentPostprocessing = 0;
		};
		B6D72D492BD3A3490014028D /* Resources */ = {
			isa = PBXResourcesBuildPhase;
			buildActionMask = 2147483647;
			files = (
			);
			runOnlyForDeploymentPostprocessing = 0;
		};
/* End PBXResourcesBuildPhase section */

/* Begin PBXSourcesBuildPhase section */
		B6D72D222BD3A33C0014028D /* Sources */ = {
			isa = PBXSourcesBuildPhase;
			buildActionMask = 2147483647;
			files = (
				B6D72D622BD3B0C10014028D /* CustomAnnotation.m in Sources */,
				B6D72D312BD3A33D0014028D /* ViewController.m in Sources */,
				B6D72D2B2BD3A33D0014028D /* AppDelegate.m in Sources */,
				B6D72D3C2BD3A3470014028D /* main.m in Sources */,
				B6D72D2E2BD3A33D0014028D /* SceneDelegate.m in Sources */,
			);
			runOnlyForDeploymentPostprocessing = 0;
		};
		B6D72D3D2BD3A3490014028D /* Sources */ = {
			isa = PBXSourcesBuildPhase;
			buildActionMask = 2147483647;
			files = (
				B6D72D462BD3A3490014028D /* iOSObjectiveCDay6Tests.m in Sources */,
			);
			runOnlyForDeploymentPostprocessing = 0;
		};
		B6D72D472BD3A3490014028D /* Sources */ = {
			isa = PBXSourcesBuildPhase;
			buildActionMask = 2147483647;
			files = (
				B6D72D522BD3A3490014028D /* iOSObjectiveCDay6UITestsLaunchTests.m in Sources */,
				B6D72D502BD3A3490014028D /* iOSObjectiveCDay6UITests.m in Sources */,
			);
			runOnlyForDeploymentPostprocessing = 0;
		};
/* End PBXSourcesBuildPhase section */

/* Begin PBXTargetDependency section */
		B6D72D432BD3A3490014028D /* PBXTargetDependency */ = {
			isa = PBXTargetDependency;
			target = B6D72D252BD3A33C0014028D /* iOSObjectiveCDay6 */;
			targetProxy = B6D72D422BD3A3490014028D /* PBXContainerItemProxy */;
		};
		B6D72D4D2BD3A3490014028D /* PBXTargetDependency */ = {
			isa = PBXTargetDependency;
			target = B6D72D252BD3A33C0014028D /* iOSObjectiveCDay6 */;
			targetProxy = B6D72D4C2BD3A3490014028D /* PBXContainerItemProxy */;
		};
/* End PBXTargetDependency section */

/* Begin PBXVariantGroup section */
		B6D72D322BD3A33D0014028D /* Main.storyboard */ = {
			isa = PBXVariantGroup;
			children = (
				B6D72D332BD3A33D0014028D /* Base */,
			);
			name = Main.storyboard;
			sourceTree = "<group>";
		};
		B6D72D372BD3A3460014028D /* LaunchScreen.storyboard */ = {
			isa = PBXVariantGroup;
			children = (
				B6D72D382BD3A3460014028D /* Base */,
			);
			name = LaunchScreen.storyboard;
			sourceTree = "<group>";
		};
/* End PBXVariantGroup section */

/* Begin XCBuildConfiguration section */
		B6D72D532BD3A3490014028D /* Debug */ = {
			isa = XCBuildConfiguration;
			buildSettings = {
				ALWAYS_SEARCH_USER_PATHS = NO;
				CLANG_ANALYZER_NONNULL = YES;
				CLANG_ANALYZER_NUMBER_OBJECT_CONVERSION = YES_AGGRESSIVE;
				CLANG_CXX_LANGUAGE_STANDARD = "gnu++17";
				CLANG_ENABLE_MODULES = YES;
				CLANG_ENABLE_OBJC_ARC = YES;
				CLANG_ENABLE_OBJC_WEAK = YES;
				CLANG_WARN_BLOCK_CAPTURE_AUTORELEASING = YES;
				CLANG_WARN_BOOL_CONVERSION = YES;
				CLANG_WARN_COMMA = YES;
				CLANG_WARN_CONSTANT_CONVERSION = YES;
				CLANG_WARN_DEPRECATED_OBJC_IMPLEMENTATIONS = YES;
				CLANG_WARN_DIRECT_OBJC_ISA_USAGE = YES_ERROR;
				CLANG_WARN_DOCUMENTATION_COMMENTS = YES;
				CLANG_WARN_EMPTY_BODY = YES;
				CLANG_WARN_ENUM_CONVERSION = YES;
				CLANG_WARN_INFINITE_RECURSION = YES;
				CLANG_WARN_INT_CONVERSION = YES;
				CLANG_WARN_NON_LITERAL_NULL_CONVERSION = YES;
				CLANG_WARN_OBJC_IMPLICIT_RETAIN_SELF = YES;
				CLANG_WARN_OBJC_LITERAL_CONVERSION = YES;
				CLANG_WARN_OBJC_ROOT_CLASS = YES_ERROR;
				CLANG_WARN_QUOTED_INCLUDE_IN_FRAMEWORK_HEADER = YES;
				CLANG_WARN_RANGE_LOOP_ANALYSIS = YES;
				CLANG_WARN_STRICT_PROTOTYPES = YES;
				CLANG_WARN_SUSPICIOUS_MOVE = YES;
				CLANG_WARN_UNGUARDED_AVAILABILITY = YES_AGGRESSIVE;
				CLANG_WARN_UNREACHABLE_CODE = YES;
				CLANG_WARN__DUPLICATE_METHOD_MATCH = YES;
				COPY_PHASE_STRIP = NO;
				DEBUG_INFORMATION_FORMAT = dwarf;
				ENABLE_STRICT_OBJC_MSGSEND = YES;
				ENABLE_TESTABILITY = YES;
				GCC_C_LANGUAGE_STANDARD = gnu11;
				GCC_DYNAMIC_NO_PIC = NO;
				GCC_NO_COMMON_BLOCKS = YES;
				GCC_OPTIMIZATION_LEVEL = 0;
				GCC_PREPROCESSOR_DEFINITIONS = (
					"DEBUG=1",
					"$(inherited)",
				);
				GCC_WARN_64_TO_32_BIT_CONVERSION = YES;
				GCC_WARN_ABOUT_RETURN_TYPE = YES_ERROR;
				GCC_WARN_UNDECLARED_SELECTOR = YES;
				GCC_WARN_UNINITIALIZED_AUTOS = YES_AGGRESSIVE;
				GCC_WARN_UNUSED_FUNCTION = YES;
				GCC_WARN_UNUSED_VARIABLE = YES;
				IPHONEOS_DEPLOYMENT_TARGET = 15.5;
				MTL_ENABLE_DEBUG_INFO = INCLUDE_SOURCE;
				MTL_FAST_MATH = YES;
				ONLY_ACTIVE_ARCH = YES;
				SDKROOT = iphoneos;
			};
			name = Debug;
		};
		B6D72D542BD3A3490014028D /* Release */ = {
			isa = XCBuildConfiguration;
			buildSettings = {
				ALWAYS_SEARCH_USER_PATHS = NO;
				CLANG_ANALYZER_NONNULL = YES;
				CLANG_ANALYZER_NUMBER_OBJECT_CONVERSION = YES_AGGRESSIVE;
				CLANG_CXX_LANGUAGE_STANDARD = "gnu++17";
				CLANG_ENABLE_MODULES = YES;
				CLANG_ENABLE_OBJC_ARC = YES;
				CLANG_ENABLE_OBJC_WEAK = YES;
				CLANG_WARN_BLOCK_CAPTURE_AUTORELEASING = YES;
				CLANG_WARN_BOOL_CONVERSION = YES;
				CLANG_WARN_COMMA = YES;
				CLANG_WARN_CONSTANT_CONVERSION = YES;
				CLANG_WARN_DEPRECATED_OBJC_IMPLEMENTATIONS = YES;
				CLANG_WARN_DIRECT_OBJC_ISA_USAGE = YES_ERROR;
				CLANG_WARN_DOCUMENTATION_COMMENTS = YES;
				CLANG_WARN_EMPTY_BODY = YES;
				CLANG_WARN_ENUM_CONVERSION = YES;
				CLANG_WARN_INFINITE_RECURSION = YES;
				CLANG_WARN_INT_CONVERSION = YES;
				CLANG_WARN_NON_LITERAL_NULL_CONVERSION = YES;
				CLANG_WARN_OBJC_IMPLICIT_RETAIN_SELF = YES;
				CLANG_WARN_OBJC_LITERAL_CONVERSION = YES;
				CLANG_WARN_OBJC_ROOT_CLASS = YES_ERROR;
				CLANG_WARN_QUOTED_INCLUDE_IN_FRAMEWORK_HEADER = YES;
				CLANG_WARN_RANGE_LOOP_ANALYSIS = YES;
				CLANG_WARN_STRICT_PROTOTYPES = YES;
				CLANG_WARN_SUSPICIOUS_MOVE = YES;
				CLANG_WARN_UNGUARDED_AVAILABILITY = YES_AGGRESSIVE;
				CLANG_WARN_UNREACHABLE_CODE = YES;
				CLANG_WARN__DUPLICATE_METHOD_MATCH = YES;
				COPY_PHASE_STRIP = NO;
				DEBUG_INFORMATION_FORMAT = "dwarf-with-dsym";
				ENABLE_NS_ASSERTIONS = NO;
				ENABLE_STRICT_OBJC_MSGSEND = YES;
				GCC_C_LANGUAGE_STANDARD = gnu11;
				GCC_NO_COMMON_BLOCKS = YES;
				GCC_WARN_64_TO_32_BIT_CONVERSION = YES;
				GCC_WARN_ABOUT_RETURN_TYPE = YES_ERROR;
				GCC_WARN_UNDECLARED_SELECTOR = YES;
				GCC_WARN_UNINITIALIZED_AUTOS = YES_AGGRESSIVE;
				GCC_WARN_UNUSED_FUNCTION = YES;
				GCC_WARN_UNUSED_VARIABLE = YES;
				IPHONEOS_DEPLOYMENT_TARGET = 15.5;
				MTL_ENABLE_DEBUG_INFO = NO;
				MTL_FAST_MATH = YES;
				SDKROOT = iphoneos;
				VALIDATE_PRODUCT = YES;
			};
			name = Release;
		};
		B6D72D562BD3A3490014028D /* Debug */ = {
			isa = XCBuildConfiguration;
			buildSettings = {
				ASSETCATALOG_COMPILER_APPICON_NAME = AppIcon;
				ASSETCATALOG_COMPILER_GLOBAL_ACCENT_COLOR_NAME = AccentColor;
				CODE_SIGN_STYLE = Automatic;
				CURRENT_PROJECT_VERSION = 1;
				GENERATE_INFOPLIST_FILE = YES;
				INFOPLIST_FILE = iOSObjectiveCDay6/Info.plist;
				INFOPLIST_KEY_UIApplicationSupportsIndirectInputEvents = YES;
				INFOPLIST_KEY_UILaunchStoryboardName = LaunchScreen;
				INFOPLIST_KEY_UIMainStoryboardFile = Main;
				INFOPLIST_KEY_UISupportedInterfaceOrientations_iPad = "UIInterfaceOrientationPortrait UIInterfaceOrientationPortraitUpsideDown UIInterfaceOrientationLandscapeLeft UIInterfaceOrientationLandscapeRight";
				INFOPLIST_KEY_UISupportedInterfaceOrientations_iPhone = "UIInterfaceOrientationPortrait UIInterfaceOrientationLandscapeLeft UIInterfaceOrientationLandscapeRight";
				LD_RUNPATH_SEARCH_PATHS = (
					"$(inherited)",
					"@executable_path/Frameworks",
				);
				MARKETING_VERSION = 1.0;
				PRODUCT_BUNDLE_IDENTIFIER = "Sarah-Talaat.iOSObjectiveCDay6";
				PRODUCT_NAME = "$(TARGET_NAME)";
				SWIFT_EMIT_LOC_STRINGS = YES;
				TARGETED_DEVICE_FAMILY = "1,2";
			};
			name = Debug;
		};
		B6D72D572BD3A3490014028D /* Release */ = {
			isa = XCBuildConfiguration;
			buildSettings = {
				ASSETCATALOG_COMPILER_APPICON_NAME = AppIcon;
				ASSETCATALOG_COMPILER_GLOBAL_ACCENT_COLOR_NAME = AccentColor;
				CODE_SIGN_STYLE = Automatic;
				CURRENT_PROJECT_VERSION = 1;
				GENERATE_INFOPLIST_FILE = YES;
				INFOPLIST_FILE = iOSObjectiveCDay6/Info.plist;
				INFOPLIST_KEY_UIApplicationSupportsIndirectInputEvents = YES;
				INFOPLIST_KEY_UILaunchStoryboardName = LaunchScreen;
				INFOPLIST_KEY_UIMainStoryboardFile = Main;
				INFOPLIST_KEY_UISupportedInterfaceOrientations_iPad = "UIInterfaceOrientationPortrait UIInterfaceOrientationPortraitUpsideDown UIInterfaceOrientationLandscapeLeft UIInterfaceOrientationLandscapeRight";
				INFOPLIST_KEY_UISupportedInterfaceOrientations_iPhone = "UIInterfaceOrientationPortrait UIInterfaceOrientationLandscapeLeft UIInterfaceOrientationLandscapeRight";
				LD_RUNPATH_SEARCH_PATHS = (
					"$(inherited)",
					"@executable_path/Frameworks",
				);
				MARKETING_VERSION = 1.0;
				PRODUCT_BUNDLE_IDENTIFIER = "Sarah-Talaat.iOSObjectiveCDay6";
				PRODUCT_NAME = "$(TARGET_NAME)";
				SWIFT_EMIT_LOC_STRINGS = YES;
				TARGETED_DEVICE_FAMILY = "1,2";
			};
			name = Release;
		};
		B6D72D592BD3A3490014028D /* Debug */ = {
			isa = XCBuildConfiguration;
			buildSettings = {
				BUNDLE_LOADER = "$(TEST_HOST)";
				CODE_SIGN_STYLE = Automatic;
				CURRENT_PROJECT_VERSION = 1;
				GENERATE_INFOPLIST_FILE = YES;
				IPHONEOS_DEPLOYMENT_TARGET = 15.5;
				MARKETING_VERSION = 1.0;
				PRODUCT_BUNDLE_IDENTIFIER = "Sarah-Talaat.iOSObjectiveCDay6Tests";
				PRODUCT_NAME = "$(TARGET_NAME)";
				SWIFT_EMIT_LOC_STRINGS = NO;
				TARGETED_DEVICE_FAMILY = "1,2";
				TEST_HOST = "$(BUILT_PRODUCTS_DIR)/iOSObjectiveCDay6.app/iOSObjectiveCDay6";
			};
			name = Debug;
		};
		B6D72D5A2BD3A3490014028D /* Release */ = {
			isa = XCBuildConfiguration;
			buildSettings = {
				BUNDLE_LOADER = "$(TEST_HOST)";
				CODE_SIGN_STYLE = Automatic;
				CURRENT_PROJECT_VERSION = 1;
				GENERATE_INFOPLIST_FILE = YES;
				IPHONEOS_DEPLOYMENT_TARGET = 15.5;
				MARKETING_VERSION = 1.0;
				PRODUCT_BUNDLE_IDENTIFIER = "Sarah-Talaat.iOSObjectiveCDay6Tests";
				PRODUCT_NAME = "$(TARGET_NAME)";
				SWIFT_EMIT_LOC_STRINGS = NO;
				TARGETED_DEVICE_FAMILY = "1,2";
				TEST_HOST = "$(BUILT_PRODUCTS_DIR)/iOSObjectiveCDay6.app/iOSObjectiveCDay6";
			};
			name = Release;
		};
		B6D72D5C2BD3A3490014028D /* Debug */ = {
			isa = XCBuildConfiguration;
			buildSettings = {
				CODE_SIGN_STYLE = Automatic;
				CURRENT_PROJECT_VERSION = 1;
				GENERATE_INFOPLIST_FILE = YES;
				MARKETING_VERSION = 1.0;
				PRODUCT_BUNDLE_IDENTIFIER = "Sarah-Talaat.iOSObjectiveCDay6UITests";
				PRODUCT_NAME = "$(TARGET_NAME)";
				SWIFT_EMIT_LOC_STRINGS = NO;
				TARGETED_DEVICE_FAMILY = "1,2";
				TEST_TARGET_NAME = iOSObjectiveCDay6;
			};
			name = Debug;
		};
		B6D72D5D2BD3A3490014028D /* Release */ = {
			isa = XCBuildConfiguration;
			buildSettings = {
				CODE_SIGN_STYLE = Automatic;
				CURRENT_PROJECT_VERSION = 1;
				GENERATE_INFOPLIST_FILE = YES;
				MARKETING_VERSION = 1.0;
				PRODUCT_BUNDLE_IDENTIFIER = "Sarah-Talaat.iOSObjectiveCDay6UITests";
				PRODUCT_NAME = "$(TARGET_NAME)";
				SWIFT_EMIT_LOC_STRINGS = NO;
				TARGETED_DEVICE_FAMILY = "1,2";
				TEST_TARGET_NAME = iOSObjectiveCDay6;
			};
			name = Release;
		};
/* End XCBuildConfiguration section */

/* Begin XCConfigurationList section */
		B6D72D212BD3A33C0014028D /* Build configuration list for PBXProject "iOSObjectiveCDay6" */ = {
			isa = XCConfigurationList;
			buildConfigurations = (
				B6D72D532BD3A3490014028D /* Debug */,
				B6D72D542BD3A3490014028D /* Release */,
			);
			defaultConfigurationIsVisible = 0;
			defaultConfigurationName = Release;
		};
		B6D72D552BD3A3490014028D /* Build configuration list for PBXNativeTarget "iOSObjectiveCDay6" */ = {
			isa = XCConfigurationList;
			buildConfigurations = (
				B6D72D562BD3A3490014028D /* Debug */,
				B6D72D572BD3A3490014028D /* Release */,
			);
			defaultConfigurationIsVisible = 0;
			defaultConfigurationName = Release;
		};
		B6D72D582BD3A3490014028D /* Build configuration list for PBXNativeTarget "iOSObjectiveCDay6Tests" */ = {
			isa = XCConfigurationList;
			buildConfigurations = (
				B6D72D592BD3A3490014028D /* Debug */,
				B6D72D5A2BD3A3490014028D /* Release */,
			);
			defaultConfigurationIsVisible = 0;
			defaultConfigurationName = Release;
		};
		B6D72D5B2BD3A3490014028D /* Build configuration list for PBXNativeTarget "iOSObjectiveCDay6UITests" */ = {
			isa = XCConfigurationList;
			buildConfigurations = (
				B6D72D5C2BD3A3490014028D /* Debug */,
				B6D72D5D2BD3A3490014028D /* Release */,
			);
			defaultConfigurationIsVisible = 0;
			defaultConfigurationName = Release;
		};
/* End XCConfigurationList section */
	};
	rootObject = B6D72D1E2BD3A33C0014028D /* Project object */;
}
